// !$*UTF8*$!
{
	archiveVersion = 1;
	classes = {
	};
	objectVersion = 46;
	objects = {

/* Begin PBXBuildFile section */
		045FC3EB1DBA7CCD00A56F3B /* AppDelegate.swift in Sources */ = {isa = PBXBuildFile; fileRef = 045FC3EA1DBA7CCD00A56F3B /* AppDelegate.swift */; };
		045FC3ED1DBA7CCD00A56F3B /* ViewController.swift in Sources */ = {isa = PBXBuildFile; fileRef = 045FC3EC1DBA7CCD00A56F3B /* ViewController.swift */; };
		045FC3F01DBA7CCD00A56F3B /* Main.storyboard in Resources */ = {isa = PBXBuildFile; fileRef = 045FC3EE1DBA7CCD00A56F3B /* Main.storyboard */; };
		045FC3F31DBA7CCD00A56F3B /* MusicLibrary.xcdatamodeld in Sources */ = {isa = PBXBuildFile; fileRef = 045FC3F11DBA7CCD00A56F3B /* MusicLibrary.xcdatamodeld */; };
		045FC3F51DBA7CCD00A56F3B /* Assets.xcassets in Resources */ = {isa = PBXBuildFile; fileRef = 045FC3F41DBA7CCD00A56F3B /* Assets.xcassets */; };
		045FC3F81DBA7CCD00A56F3B /* LaunchScreen.storyboard in Resources */ = {isa = PBXBuildFile; fileRef = 045FC3F61DBA7CCD00A56F3B /* LaunchScreen.storyboard */; };
		045FC4031DBA7CCD00A56F3B /* MusicLibraryTests.swift in Sources */ = {isa = PBXBuildFile; fileRef = 045FC4021DBA7CCD00A56F3B /* MusicLibraryTests.swift */; };
		045FC40E1DBA7CCD00A56F3B /* MusicLibraryUITests.swift in Sources */ = {isa = PBXBuildFile; fileRef = 045FC40D1DBA7CCD00A56F3B /* MusicLibraryUITests.swift */; };
/* End PBXBuildFile section */

/* Begin PBXContainerItemProxy section */
		045FC3FF1DBA7CCD00A56F3B /* PBXContainerItemProxy */ = {
			isa = PBXContainerItemProxy;
			containerPortal = 045FC3DF1DBA7CCD00A56F3B /* Project object */;
			proxyType = 1;
			remoteGlobalIDString = 045FC3E61DBA7CCD00A56F3B;
			remoteInfo = MusicLibrary;
		};
		045FC40A1DBA7CCD00A56F3B /* PBXContainerItemProxy */ = {
			isa = PBXContainerItemProxy;
			containerPortal = 045FC3DF1DBA7CCD00A56F3B /* Project object */;
			proxyType = 1;
			remoteGlobalIDString = 045FC3E61DBA7CCD00A56F3B;
			remoteInfo = MusicLibrary;
		};
/* End PBXContainerItemProxy section */

/* Begin PBXFileReference section */
		045FC3E71DBA7CCD00A56F3B /* MusicLibrary.app */ = {isa = PBXFileReference; explicitFileType = wrapper.application; includeInIndex = 0; path = MusicLibrary.app; sourceTree = BUILT_PRODUCTS_DIR; };
		045FC3EA1DBA7CCD00A56F3B /* AppDelegate.swift */ = {isa = PBXFileReference; lastKnownFileType = sourcecode.swift; path = AppDelegate.swift; sourceTree = "<group>"; };
		045FC3EC1DBA7CCD00A56F3B /* ViewController.swift */ = {isa = PBXFileReference; lastKnownFileType = sourcecode.swift; path = ViewController.swift; sourceTree = "<group>"; };
		045FC3EF1DBA7CCD00A56F3B /* Base */ = {isa = PBXFileReference; lastKnownFileType = file.storyboard; name = Base; path = Base.lproj/Main.storyboard; sourceTree = "<group>"; };
		045FC3F21DBA7CCD00A56F3B /* MusicLibrary.xcdatamodel */ = {isa = PBXFileReference; lastKnownFileType = wrapper.xcdatamodel; path = MusicLibrary.xcdatamodel; sourceTree = "<group>"; };
		045FC3F41DBA7CCD00A56F3B /* Assets.xcassets */ = {isa = PBXFileReference; lastKnownFileType = folder.assetcatalog; path = Assets.xcassets; sourceTree = "<group>"; };
		045FC3F71DBA7CCD00A56F3B /* Base */ = {isa = PBXFileReference; lastKnownFileType = file.storyboard; name = Base; path = Base.lproj/LaunchScreen.storyboard; sourceTree = "<group>"; };
		045FC3F91DBA7CCD00A56F3B /* Info.plist */ = {isa = PBXFileReference; lastKnownFileType = text.plist.xml; path = Info.plist; sourceTree = "<group>"; };
		045FC3FE1DBA7CCD00A56F3B /* MusicLibraryTests.xctest */ = {isa = PBXFileReference; explicitFileType = wrapper.cfbundle; includeInIndex = 0; path = MusicLibraryTests.xctest; sourceTree = BUILT_PRODUCTS_DIR; };
		045FC4021DBA7CCD00A56F3B /* MusicLibraryTests.swift */ = {isa = PBXFileReference; lastKnownFileType = sourcecode.swift; path = MusicLibraryTests.swift; sourceTree = "<group>"; };
		045FC4041DBA7CCD00A56F3B /* Info.plist */ = {isa = PBXFileReference; lastKnownFileType = text.plist.xml; path = Info.plist; sourceTree = "<group>"; };
		045FC4091DBA7CCD00A56F3B /* MusicLibraryUITests.xctest */ = {isa = PBXFileReference; explicitFileType = wrapper.cfbundle; includeInIndex = 0; path = MusicLibraryUITests.xctest; sourceTree = BUILT_PRODUCTS_DIR; };
		045FC40D1DBA7CCD00A56F3B /* MusicLibraryUITests.swift */ = {isa = PBXFileReference; lastKnownFileType = sourcecode.swift; path = MusicLibraryUITests.swift; sourceTree = "<group>"; };
		045FC40F1DBA7CCD00A56F3B /* Info.plist */ = {isa = PBXFileReference; lastKnownFileType = text.plist.xml; path = Info.plist; sourceTree = "<group>"; };
/* End PBXFileReference section */

/* Begin PBXFrameworksBuildPhase section */
		045FC3E41DBA7CCD00A56F3B /* Frameworks */ = {
			isa = PBXFrameworksBuildPhase;
			buildActionMask = 2147483647;
			files = (
			);
			runOnlyForDeploymentPostprocessing = 0;
		};
		045FC3FB1DBA7CCD00A56F3B /* Frameworks */ = {
			isa = PBXFrameworksBuildPhase;
			buildActionMask = 2147483647;
			files = (
			);
			runOnlyForDeploymentPostprocessing = 0;
		};
		045FC4061DBA7CCD00A56F3B /* Frameworks */ = {
			isa = PBXFrameworksBuildPhase;
			buildActionMask = 2147483647;
			files = (
			);
			runOnlyForDeploymentPostprocessing = 0;
		};
/* End PBXFrameworksBuildPhase section */

/* Begin PBXGroup section */
		045FC3DE1DBA7CCD00A56F3B = {
			isa = PBXGroup;
			children = (
				045FC3E91DBA7CCD00A56F3B /* MusicLibrary */,
				045FC4011DBA7CCD00A56F3B /* MusicLibraryTests */,
				045FC40C1DBA7CCD00A56F3B /* MusicLibraryUITests */,
				045FC3E81DBA7CCD00A56F3B /* Products */,
			);
			sourceTree = "<group>";
		};
		045FC3E81DBA7CCD00A56F3B /* Products */ = {
			isa = PBXGroup;
			children = (
				045FC3E71DBA7CCD00A56F3B /* MusicLibrary.app */,
				045FC3FE1DBA7CCD00A56F3B /* MusicLibraryTests.xctest */,
				045FC4091DBA7CCD00A56F3B /* MusicLibraryUITests.xctest */,
			);
			name = Products;
			sourceTree = "<group>";
		};
		045FC3E91DBA7CCD00A56F3B /* MusicLibrary */ = {
			isa = PBXGroup;
			children = (
				045FC3EA1DBA7CCD00A56F3B /* AppDelegate.swift */,
				045FC3EC1DBA7CCD00A56F3B /* ViewController.swift */,
				045FC3EE1DBA7CCD00A56F3B /* Main.storyboard */,
				045FC3F41DBA7CCD00A56F3B /* Assets.xcassets */,
				045FC3F61DBA7CCD00A56F3B /* LaunchScreen.storyboard */,
				045FC3F91DBA7CCD00A56F3B /* Info.plist */,
				045FC3F11DBA7CCD00A56F3B /* MusicLibrary.xcdatamodeld */,
			);
			path = MusicLibrary;
			sourceTree = "<group>";
		};
		045FC4011DBA7CCD00A56F3B /* MusicLibraryTests */ = {
			isa = PBXGroup;
			children = (
				045FC4021DBA7CCD00A56F3B /* MusicLibraryTests.swift */,
				045FC4041DBA7CCD00A56F3B /* Info.plist */,
			);
			path = MusicLibraryTests;
			sourceTree = "<group>";
		};
		045FC40C1DBA7CCD00A56F3B /* MusicLibraryUITests */ = {
			isa = PBXGroup;
			children = (
				045FC40D1DBA7CCD00A56F3B /* MusicLibraryUITests.swift */,
				045FC40F1DBA7CCD00A56F3B /* Info.plist */,
			);
			path = MusicLibraryUITests;
			sourceTree = "<group>";
		};
/* End PBXGroup section */

/* Begin PBXNativeTarget section */
		045FC3E61DBA7CCD00A56F3B /* MusicLibrary */ = {
			isa = PBXNativeTarget;
			buildConfigurationList = 045FC4121DBA7CCD00A56F3B /* Build configuration list for PBXNativeTarget "MusicLibrary" */;
			buildPhases = (
				045FC3E31DBA7CCD00A56F3B /* Sources */,
				045FC3E41DBA7CCD00A56F3B /* Frameworks */,
				045FC3E51DBA7CCD00A56F3B /* Resources */,
			);
			buildRules = (
			);
			dependencies = (
			);
			name = MusicLibrary;
			productName = MusicLibrary;
			productReference = 045FC3E71DBA7CCD00A56F3B /* MusicLibrary.app */;
			productType = "com.apple.product-type.application";
		};
		045FC3FD1DBA7CCD00A56F3B /* MusicLibraryTests */ = {
			isa = PBXNativeTarget;
			buildConfigurationList = 045FC4151DBA7CCD00A56F3B /* Build configuration list for PBXNativeTarget "MusicLibraryTests" */;
			buildPhases = (
				045FC3FA1DBA7CCD00A56F3B /* Sources */,
				045FC3FB1DBA7CCD00A56F3B /* Frameworks */,
				045FC3FC1DBA7CCD00A56F3B /* Resources */,
			);
			buildRules = (
			);
			dependencies = (
				045FC4001DBA7CCD00A56F3B /* PBXTargetDependency */,
			);
			name = MusicLibraryTests;
			productName = MusicLibraryTests;
			productReference = 045FC3FE1DBA7CCD00A56F3B /* MusicLibraryTests.xctest */;
			productType = "com.apple.product-type.bundle.unit-test";
		};
		045FC4081DBA7CCD00A56F3B /* MusicLibraryUITests */ = {
			isa = PBXNativeTarget;
			buildConfigurationList = 045FC4181DBA7CCD00A56F3B /* Build configuration list for PBXNativeTarget "MusicLibraryUITests" */;
			buildPhases = (
				045FC4051DBA7CCD00A56F3B /* Sources */,
				045FC4061DBA7CCD00A56F3B /* Frameworks */,
				045FC4071DBA7CCD00A56F3B /* Resources */,
			);
			buildRules = (
			);
			dependencies = (
				045FC40B1DBA7CCD00A56F3B /* PBXTargetDependency */,
			);
			name = MusicLibraryUITests;
			productName = MusicLibraryUITests;
			productReference = 045FC4091DBA7CCD00A56F3B /* MusicLibraryUITests.xctest */;
			productType = "com.apple.product-type.bundle.ui-testing";
		};
/* End PBXNativeTarget section */

/* Begin PBXProject section */
		045FC3DF1DBA7CCD00A56F3B /* Project object */ = {
			isa = PBXProject;
			attributes = {
				LastSwiftUpdateCheck = 0730;
				LastUpgradeCheck = 0730;
				ORGANIZATIONNAME = Mac;
				TargetAttributes = {
					045FC3E61DBA7CCD00A56F3B = {
						CreatedOnToolsVersion = 7.3.1;
						DevelopmentTeam = 8Z76N75Y66;
					};
					045FC3FD1DBA7CCD00A56F3B = {
						CreatedOnToolsVersion = 7.3.1;
						DevelopmentTeam = 8Z76N75Y66;
						TestTargetID = 045FC3E61DBA7CCD00A56F3B;
					};
					045FC4081DBA7CCD00A56F3B = {
						CreatedOnToolsVersion = 7.3.1;
						DevelopmentTeam = 8Z76N75Y66;
						TestTargetID = 045FC3E61DBA7CCD00A56F3B;
					};
				};
			};
			buildConfigurationList = 045FC3E21DBA7CCD00A56F3B /* Build configuration list for PBXProject "MusicLibrary" */;
			compatibilityVersion = "Xcode 3.2";
			developmentRegion = English;
			hasScannedForEncodings = 0;
			knownRegions = (
				en,
				Base,
			);
			mainGroup = 045FC3DE1DBA7CCD00A56F3B;
			productRefGroup = 045FC3E81DBA7CCD00A56F3B /* Products */;
			projectDirPath = "";
			projectRoot = "";
			targets = (
				045FC3E61DBA7CCD00A56F3B /* MusicLibrary */,
				045FC3FD1DBA7CCD00A56F3B /* MusicLibraryTests */,
				045FC4081DBA7CCD00A56F3B /* MusicLibraryUITests */,
			);
		};
/* End PBXProject section */

/* Begin PBXResourcesBuildPhase section */
		045FC3E51DBA7CCD00A56F3B /* Resources */ = {
			isa = PBXResourcesBuildPhase;
			buildActionMask = 2147483647;
			files = (
				045FC3F81DBA7CCD00A56F3B /* LaunchScreen.storyboard in Resources */,
				045FC3F51DBA7CCD00A56F3B /* Assets.xcassets in Resources */,
				045FC3F01DBA7CCD00A56F3B /* Main.storyboard in Resources */,
			);
			runOnlyForDeploymentPostprocessing = 0;
		};
		045FC3FC1DBA7CCD00A56F3B /* Resources */ = {
			isa = PBXResourcesBuildPhase;
			buildActionMask = 2147483647;
			files = (
			);
			runOnlyForDeploymentPostprocessing = 0;
		};
		045FC4071DBA7CCD00A56F3B /* Resources */ = {
			isa = PBXResourcesBuildPhase;
			buildActionMask = 2147483647;
			files = (
			);
			runOnlyForDeploymentPostprocessing = 0;
		};
/* End PBXResourcesBuildPhase section */

/* Begin PBXSourcesBuildPhase section */
		045FC3E31DBA7CCD00A56F3B /* Sources */ = {
			isa = PBXSourcesBuildPhase;
			buildActionMask = 2147483647;
			files = (
				045FC3F31DBA7CCD00A56F3B /* MusicLibrary.xcdatamodeld in Sources */,
				045FC3ED1DBA7CCD00A56F3B /* ViewController.swift in Sources */,
				045FC3EB1DBA7CCD00A56F3B /* AppDelegate.swift in Sources */,
			);
			runOnlyForDeploymentPostprocessing = 0;
		};
		045FC3FA1DBA7CCD00A56F3B /* Sources */ = {
			isa = PBXSourcesBuildPhase;
			buildActionMask = 2147483647;
			files = (
				045FC4031DBA7CCD00A56F3B /* MusicLibraryTests.swift in Sources */,
			);
			runOnlyForDeploymentPostprocessing = 0;
		};
		045FC4051DBA7CCD00A56F3B /* Sources */ = {
			isa = PBXSourcesBuildPhase;
			buildActionMask = 2147483647;
			files = (
				045FC40E1DBA7CCD00A56F3B /* MusicLibraryUITests.swift in Sources */,
			);
			runOnlyForDeploymentPostprocessing = 0;
		};
/* End PBXSourcesBuildPhase section */

/* Begin PBXTargetDependency section */
		045FC4001DBA7CCD00A56F3B /* PBXTargetDependency */ = {
			isa = PBXTargetDependency;
			target = 045FC3E61DBA7CCD00A56F3B /* MusicLibrary */;
			targetProxy = 045FC3FF1DBA7CCD00A56F3B /* PBXContainerItemProxy */;
		};
		045FC40B1DBA7CCD00A56F3B /* PBXTargetDependency */ = {
			isa = PBXTargetDependency;
			target = 045FC3E61DBA7CCD00A56F3B /* MusicLibrary */;
			targetProxy = 045FC40A1DBA7CCD00A56F3B /* PBXContainerItemProxy */;
		};
/* End PBXTargetDependency section */

/* Begin PBXVariantGroup section */
		045FC3EE1DBA7CCD00A56F3B /* Main.storyboard */ = {
			isa = PBXVariantGroup;
			children = (
				045FC3EF1DBA7CCD00A56F3B /* Base */,
			);
			name = Main.storyboard;
			sourceTree = "<group>";
		};
		045FC3F61DBA7CCD00A56F3B /* LaunchScreen.storyboard */ = {
			isa = PBXVariantGroup;
			children = (
				045FC3F71DBA7CCD00A56F3B /* Base */,
			);
			name = LaunchScreen.storyboard;
			sourceTree = "<group>";
		};
/* End PBXVariantGroup section */

/* Begin XCBuildConfiguration section */
		045FC4101DBA7CCD00A56F3B /* Debug */ = {
			isa = XCBuildConfiguration;
			buildSettings = {
				ALWAYS_SEARCH_USER_PATHS = NO;
				CLANG_ANALYZER_NONNULL = YES;
				CLANG_CXX_LANGUAGE_STANDARD = "gnu++0x";
				CLANG_CXX_LIBRARY = "libc++";
				CLANG_ENABLE_MODULES = YES;
				CLANG_ENABLE_OBJC_ARC = YES;
				CLANG_WARN_BOOL_CONVERSION = YES;
				CLANG_WARN_CONSTANT_CONVERSION = YES;
				CLANG_WARN_DIRECT_OBJC_ISA_USAGE = YES_ERROR;
				CLANG_WARN_EMPTY_BODY = YES;
				CLANG_WARN_ENUM_CONVERSION = YES;
				CLANG_WARN_INT_CONVERSION = YES;
				CLANG_WARN_OBJC_ROOT_CLASS = YES_ERROR;
				CLANG_WARN_UNREACHABLE_CODE = YES;
				CLANG_WARN__DUPLICATE_METHOD_MATCH = YES;
				"CODE_SIGN_IDENTITY[sdk=iphoneos*]" = "iPhone Developer";
				COPY_PHASE_STRIP = NO;
				DEBUG_INFORMATION_FORMAT = dwarf;
				ENABLE_STRICT_OBJC_MSGSEND = YES;
				ENABLE_TESTABILITY = YES;
				GCC_C_LANGUAGE_STANDARD = gnu99;
				GCC_DYNAMIC_NO_PIC = NO;
				GCC_NO_COMMON_BLOCKS = YES;
				GCC_OPTIMIZATION_LEVEL = 0;
				GCC_PREPROCESSOR_DEFINITIONS = (
					"DEBUG=1",
					"$(inherited)",
				);
				GCC_WARN_64_TO_32_BIT_CONVERSION = YES;
				GCC_WARN_ABOUT_RETURN_TYPE = YES_ERROR;
				GCC_WARN_UNDECLARED_SELECTOR = YES;
				GCC_WARN_UNINITIALIZED_AUTOS = YES_AGGRESSIVE;
				GCC_WARN_UNUSED_FUNCTION = YES;
				GCC_WARN_UNUSED_VARIABLE = YES;
				IPHONEOS_DEPLOYMENT_TARGET = 9.3;
				MTL_ENABLE_DEBUG_INFO = YES;
				ONLY_ACTIVE_ARCH = YES;
				SDKROOT = iphoneos;
				SWIFT_OPTIMIZATION_LEVEL = "-Onone";
				TARGETED_DEVICE_FAMILY = "1,2";
			};
			name = Debug;
		};
		045FC4111DBA7CCD00A56F3B /* Release */ = {
			isa = XCBuildConfiguration;
			buildSettings = {
				ALWAYS_SEARCH_USER_PATHS = NO;
				CLANG_ANALYZER_NONNULL = YES;
				CLANG_CXX_LANGUAGE_STANDARD = "gnu++0x";
				CLANG_CXX_LIBRARY = "libc++";
				CLANG_ENABLE_MODULES = YES;
				CLANG_ENABLE_OBJC_ARC = YES;
				CLANG_WARN_BOOL_CONVERSION = YES;
				CLANG_WARN_CONSTANT_CONVERSION = YES;
				CLANG_WARN_DIRECT_OBJC_ISA_USAGE = YES_ERROR;
				CLANG_WARN_EMPTY_BODY = YES;
				CLANG_WARN_ENUM_CONVERSION = YES;
				CLANG_WARN_INT_CONVERSION = YES;
				CLANG_WARN_OBJC_ROOT_CLASS = YES_ERROR;
				CLANG_WARN_UNREACHABLE_CODE = YES;
				CLANG_WARN__DUPLICATE_METHOD_MATCH = YES;
				"CODE_SIGN_IDENTITY[sdk=iphoneos*]" = "iPhone Developer";
				COPY_PHASE_STRIP = NO;
				DEBUG_INFORMATION_FORMAT = "dwarf-with-dsym";
				ENABLE_NS_ASSERTIONS = NO;
				ENABLE_STRICT_OBJC_MSGSEND = YES;
				GCC_C_LANGUAGE_STANDARD = gnu99;
				GCC_NO_COMMON_BLOCKS = YES;
				GCC_WARN_64_TO_32_BIT_CONVERSION = YES;
				GCC_WARN_ABOUT_RETURN_TYPE = YES_ERROR;
				GCC_WARN_UNDECLARED_SELECTOR = YES;
				GCC_WARN_UNINITIALIZED_AUTOS = YES_AGGRESSIVE;
				GCC_WARN_UNUSED_FUNCTION = YES;
				GCC_WARN_UNUSED_VARIABLE = YES;
				IPHONEOS_DEPLOYMENT_TARGET = 9.3;
				MTL_ENABLE_DEBUG_INFO = NO;
				SDKROOT = iphoneos;
				TARGETED_DEVICE_FAMILY = "1,2";
				VALIDATE_PRODUCT = YES;
			};
			name = Release;
		};
		045FC4131DBA7CCD00A56F3B /* Debug */ = {
			isa = XCBuildConfiguration;
			buildSettings = {
				ASSETCATALOG_COMPILER_APPICON_NAME = AppIcon;
				INFOPLIST_FILE = MusicLibrary/Info.plist;
				LD_RUNPATH_SEARCH_PATHS = "$(inherited) @executable_path/Frameworks";
				PRODUCT_BUNDLE_IDENTIFIER = GrandPH.MusicLibrary;
				PRODUCT_NAME = "$(TARGET_NAME)";
			};
			name = Debug;
		};
		045FC4141DBA7CCD00A56F3B /* Release */ = {
			isa = XCBuildConfiguration;
			buildSettings = {
				ASSETCATALOG_COMPILER_APPICON_NAME = AppIcon;
				INFOPLIST_FILE = MusicLibrary/Info.plist;
				LD_RUNPATH_SEARCH_PATHS = "$(inherited) @executable_path/Frameworks";
				PRODUCT_BUNDLE_IDENTIFIER = GrandPH.MusicLibrary;
				PRODUCT_NAME = "$(TARGET_NAME)";
			};
			name = Release;
		};
		045FC4161DBA7CCD00A56F3B /* Debug */ = {
			isa = XCBuildConfiguration;
			buildSettings = {
				BUNDLE_LOADER = "$(TEST_HOST)";
				INFOPLIST_FILE = MusicLibraryTests/Info.plist;
				LD_RUNPATH_SEARCH_PATHS = "$(inherited) @executable_path/Frameworks @loader_path/Frameworks";
				PRODUCT_BUNDLE_IDENTIFIER = GrandPH.MusicLibraryTests;
				PRODUCT_NAME = "$(TARGET_NAME)";
				TEST_HOST = "$(BUILT_PRODUCTS_DIR)/MusicLibrary.app/MusicLibrary";
			};
			name = Debug;
		};
		045FC4171DBA7CCD00A56F3B /* Release */ = {
			isa = XCBuildConfiguration;
			buildSettings = {
				BUNDLE_LOADER = "$(TEST_HOST)";
				INFOPLIST_FILE = MusicLibraryTests/Info.plist;
				LD_RUNPATH_SEARCH_PATHS = "$(inherited) @executable_path/Frameworks @loader_path/Frameworks";
				PRODUCT_BUNDLE_IDENTIFIER = GrandPH.MusicLibraryTests;
				PRODUCT_NAME = "$(TARGET_NAME)";
				TEST_HOST = "$(BUILT_PRODUCTS_DIR)/MusicLibrary.app/MusicLibrary";
			};
			name = Release;
		};
		045FC4191DBA7CCD00A56F3B /* Debug */ = {
			isa = XCBuildConfiguration;
			buildSettings = {
				INFOPLIST_FILE = MusicLibraryUITests/Info.plist;
				LD_RUNPATH_SEARCH_PATHS = "$(inherited) @executable_path/Frameworks @loader_path/Frameworks";
				PRODUCT_BUNDLE_IDENTIFIER = GrandPH.MusicLibraryUITests;
				PRODUCT_NAME = "$(TARGET_NAME)";
				TEST_TARGET_NAME = MusicLibrary;
			};
			name = Debug;
		};
		045FC41A1DBA7CCD00A56F3B /* Release */ = {
			isa = XCBuildConfiguration;
			buildSettings = {
				INFOPLIST_FILE = MusicLibraryUITests/Info.plist;
				LD_RUNPATH_SEARCH_PATHS = "$(inherited) @executable_path/Frameworks @loader_path/Frameworks";
				PRODUCT_BUNDLE_IDENTIFIER = GrandPH.MusicLibraryUITests;
				PRODUCT_NAME = "$(TARGET_NAME)";
				TEST_TARGET_NAME = MusicLibrary;
			};
			name = Release;
		};
/* End XCBuildConfiguration section */

/* Begin XCConfigurationList section */
		045FC3E21DBA7CCD00A56F3B /* Build configuration list for PBXProject "MusicLibrary" */ = {
			isa = XCConfigurationList;
			buildConfigurations = (
				045FC4101DBA7CCD00A56F3B /* Debug */,
				045FC4111DBA7CCD00A56F3B /* Release */,
			);
			defaultConfigurationIsVisible = 0;
			defaultConfigurationName = Release;
		};
		045FC4121DBA7CCD00A56F3B /* Build configuration list for PBXNativeTarget "MusicLibrary" */ = {
			isa = XCConfigurationList;
			buildConfigurations = (
				045FC4131DBA7CCD00A56F3B /* Debug */,
				045FC4141DBA7CCD00A56F3B /* Release */,
			);
			defaultConfigurationIsVisible = 0;
		};
		045FC4151DBA7CCD00A56F3B /* Build configuration list for PBXNativeTarget "MusicLibraryTests" */ = {
			isa = XCConfigurationList;
			buildConfigurations = (
				045FC4161DBA7CCD00A56F3B /* Debug */,
				045FC4171DBA7CCD00A56F3B /* Release */,
			);
			defaultConfigurationIsVisible = 0;
		};
		045FC4181DBA7CCD00A56F3B /* Build configuration list for PBXNativeTarget "MusicLibraryUITests" */ = {
			isa = XCConfigurationList;
			buildConfigurations = (
				045FC4191DBA7CCD00A56F3B /* Debug */,
				045FC41A1DBA7CCD00A56F3B /* Release */,
			);
			defaultConfigurationIsVisible = 0;
		};
/* End XCConfigurationList section */

/* Begin XCVersionGroup section */
		045FC3F11DBA7CCD00A56F3B /* MusicLibrary.xcdatamodeld */ = {
			isa = XCVersionGroup;
			children = (
				045FC3F21DBA7CCD00A56F3B /* MusicLibrary.xcdatamodel */,
			);
			currentVersion = 045FC3F21DBA7CCD00A56F3B /* MusicLibrary.xcdatamodel */;
			path = MusicLibrary.xcdatamodeld;
			sourceTree = "<group>";
			versionGroupType = wrapper.xcdatamodel;
		};
/* End XCVersionGroup section */
	};
	rootObject = 045FC3DF1DBA7CCD00A56F3B /* Project object */;
}
